{
  "name": "miniprogram",
  "version": "1.0.0",
  "lockfileVersion": 1,
  "requires": true,
  "dependencies": {
    "tiny-pinyin": {
      "version": "1.3.0",
      "resolved": "https://registry.npmjs.org/tiny-pinyin/-/tiny-pinyin-1.3.0.tgz",
      "integrity": "sha512-YHsqn1zksQ4CKVvArN7MIUtGx0eV/yl15vzdiwNFwAnOQQwL1+pNSLW4ISVWUN+PrzcnX4ojLgS4kgVCmue7Pw=="
    },
    "wux-weapp": {
      "version": "3.5.0",
      "resolved": "https://registry.npmjs.org/wux-weapp/-/wux-weapp-3.5.0.tgz",
      "integrity": "sha512-WU3Q4JJeNdWvkofee018KUrT9FJNW0F0ElF6LGRGE5M9EBpNsAueDxvYojdKXzqA3DYYtiCBKewJ+JfzLYrxbQ=="
    }
  }
}
